
Microsoft Visual Studio Solution File, Format Version 12.00
# Visual Studio 14
VisualStudioVersion = 14.0.25123.0
MinimumVisualStudioVersion = 10.0.40219.1
Project("{2150E333-8FDC-42A3-9474-1A3956D46DE8}") = "Build", "Build", "{284A72CE-7936-4A3C-8B01-F27B532F7425}"
	ProjectSection(SolutionItems) = preProject
		build.bat = build.bat
		Build.fsx = Build.fsx
		web.config.transform = web.config.transform
		WebForms.vNextinator.nuspec = WebForms.vNextinator.nuspec
	EndProjectSection
EndProject
Project("{FAE04EC0-301F-11D3-BF4B-00C04F79EFBC}") = "WebForms.vNextinator.Net20", "Src\WebForms.vNextinator.Net20\WebForms.vNextinator.Net20.csproj", "{AB47C848-139C-4120-AD73-9570BA612160}"
EndProject
Project("{FAE04EC0-301F-11D3-BF4B-00C04F79EFBC}") = "WebForms.vNextinator.Net35", "Src\WebForms.vNextinator.Net35\WebForms.vNextinator.Net35.csproj", "{16AB937C-58B7-41EB-806E-2101894D8BB3}"
EndProject
Project("{FAE04EC0-301F-11D3-BF4B-00C04F79EFBC}") = "WebForms.vNextinator.Net40", "Src\WebForms.vNextinator.Net40\WebForms.vNextinator.Net40.csproj", "{C92237FF-8875-47F9-86ED-9C0C6CF6CCA2}"
EndProject
Project("{FAE04EC0-301F-11D3-BF4B-00C04F79EFBC}") = "WebForms.vNextinator.Net45", "Src\WebForms.vNextinator.Net45\WebForms.vNextinator.Net45.csproj", "{1AA18AD4-ED25-4220-B504-E62104855800}"
EndProject
Project("{2150E333-8FDC-42A3-9474-1A3956D46DE8}") = "Net20", "Net20", "{0340640F-FDEC-4107-9061-0862265E6598}"
EndProject
Project("{2150E333-8FDC-42A3-9474-1A3956D46DE8}") = "Net35", "Net35", "{EE1D08B3-BE40-44C3-895F-B4887994177C}"
EndProject
Project("{2150E333-8FDC-42A3-9474-1A3956D46DE8}") = "Net40", "Net40", "{37013ACE-5D8F-4C0F-B39F-5DBB9FDF899B}"
EndProject
Project("{2150E333-8FDC-42A3-9474-1A3956D46DE8}") = "Net45", "Net45", "{EE59B510-9109-44B1-B63F-8B35D9642676}"
EndProject
Project("{2150E333-8FDC-42A3-9474-1A3956D46DE8}") = "Sample", "Sample", "{3702D721-F5C3-43F7-88A7-58A48EC857C7}"
EndProject
Project("{FAE04EC0-301F-11D3-BF4B-00C04F79EFBC}") = "SuperControlTest", "Samples\SuperControlTest\SuperControlTest.csproj", "{CA994DD9-3CC7-43C4-AFCA-21B827BE5E94}"
EndProject
Project("{2150E333-8FDC-42A3-9474-1A3956D46DE8}") = "Solution Items", "Solution Items", "{A38573BE-6329-4370-9826-0FA9773E091E}"
	ProjectSection(SolutionItems) = preProject
		README.md = README.md
	EndProjectSection
EndProject
Project("{FAE04EC0-301F-11D3-BF4B-00C04F79EFBC}") = "WebForms.vNextinator.Net46", "Src\WebForms.vNextinator.Net46\WebForms.vNextinator.Net46.csproj", "{71D02E20-938E-415A-AE0C-7BF5C57299DD}"
EndProject
Project("{2150E333-8FDC-42A3-9474-1A3956D46DE8}") = "Net46", "Net46", "{7FD1AC0D-8D89-4374-AC77-8E0BF04B98B8}"
EndProject
Global
	GlobalSection(SolutionConfigurationPlatforms) = preSolution
		Debug|Any CPU = Debug|Any CPU
		Release|Any CPU = Release|Any CPU
	EndGlobalSection
	GlobalSection(ProjectConfigurationPlatforms) = postSolution
		{AB47C848-139C-4120-AD73-9570BA612160}.Debug|Any CPU.ActiveCfg = Debug|Any CPU
		{AB47C848-139C-4120-AD73-9570BA612160}.Debug|Any CPU.Build.0 = Debug|Any CPU
		{AB47C848-139C-4120-AD73-9570BA612160}.Release|Any CPU.ActiveCfg = Release|Any CPU
		{AB47C848-139C-4120-AD73-9570BA612160}.Release|Any CPU.Build.0 = Release|Any CPU
		{16AB937C-58B7-41EB-806E-2101894D8BB3}.Debug|Any CPU.ActiveCfg = Debug|Any CPU
		{16AB937C-58B7-41EB-806E-2101894D8BB3}.Debug|Any CPU.Build.0 = Debug|Any CPU
		{16AB937C-58B7-41EB-806E-2101894D8BB3}.Release|Any CPU.ActiveCfg = Release|Any CPU
		{16AB937C-58B7-41EB-806E-2101894D8BB3}.Release|Any CPU.Build.0 = Release|Any CPU
		{C92237FF-8875-47F9-86ED-9C0C6CF6CCA2}.Debug|Any CPU.ActiveCfg = Debug|Any CPU
		{C92237FF-8875-47F9-86ED-9C0C6CF6CCA2}.Debug|Any CPU.Build.0 = Debug|Any CPU
		{C92237FF-8875-47F9-86ED-9C0C6CF6CCA2}.Release|Any CPU.ActiveCfg = Release|Any CPU
		{C92237FF-8875-47F9-86ED-9C0C6CF6CCA2}.Release|Any CPU.Build.0 = Release|Any CPU
		{1AA18AD4-ED25-4220-B504-E62104855800}.Debug|Any CPU.ActiveCfg = Debug|Any CPU
		{1AA18AD4-ED25-4220-B504-E62104855800}.Debug|Any CPU.Build.0 = Debug|Any CPU
		{1AA18AD4-ED25-4220-B504-E62104855800}.Release|Any CPU.ActiveCfg = Release|Any CPU
		{1AA18AD4-ED25-4220-B504-E62104855800}.Release|Any CPU.Build.0 = Release|Any CPU
		{CA994DD9-3CC7-43C4-AFCA-21B827BE5E94}.Debug|Any CPU.ActiveCfg = Debug|Any CPU
		{CA994DD9-3CC7-43C4-AFCA-21B827BE5E94}.Debug|Any CPU.Build.0 = Debug|Any CPU
		{CA994DD9-3CC7-43C4-AFCA-21B827BE5E94}.Release|Any CPU.ActiveCfg = Release|Any CPU
		{CA994DD9-3CC7-43C4-AFCA-21B827BE5E94}.Release|Any CPU.Build.0 = Release|Any CPU
		{71D02E20-938E-415A-AE0C-7BF5C57299DD}.Debug|Any CPU.ActiveCfg = Debug|Any CPU
		{71D02E20-938E-415A-AE0C-7BF5C57299DD}.Debug|Any CPU.Build.0 = Debug|Any CPU
		{71D02E20-938E-415A-AE0C-7BF5C57299DD}.Release|Any CPU.ActiveCfg = Release|Any CPU
		{71D02E20-938E-415A-AE0C-7BF5C57299DD}.Release|Any CPU.Build.0 = Release|Any CPU
	EndGlobalSection
	GlobalSection(SolutionProperties) = preSolution
		HideSolutionNode = FALSE
	EndGlobalSection
	GlobalSection(NestedProjects) = preSolution
		{0340640F-FDEC-4107-9061-0862265E6598} = {284A72CE-7936-4A3C-8B01-F27B532F7425}
		{EE1D08B3-BE40-44C3-895F-B4887994177C} = {284A72CE-7936-4A3C-8B01-F27B532F7425}
		{37013ACE-5D8F-4C0F-B39F-5DBB9FDF899B} = {284A72CE-7936-4A3C-8B01-F27B532F7425}
		{EE59B510-9109-44B1-B63F-8B35D9642676} = {284A72CE-7936-4A3C-8B01-F27B532F7425}
		{CA994DD9-3CC7-43C4-AFCA-21B827BE5E94} = {3702D721-F5C3-43F7-88A7-58A48EC857C7}
		{7FD1AC0D-8D89-4374-AC77-8E0BF04B98B8} = {284A72CE-7936-4A3C-8B01-F27B532F7425}
	EndGlobalSection
EndGlobal
